
Microsoft Visual Studio Solution File, Format Version 12.00
# Visual Studio 15
VisualStudioVersion = 15.0.28307.271
MinimumVisualStudioVersion = 10.0.40219.1
Project("{FAE04EC0-301F-11D3-BF4B-00C04F79EFBC}") = "Opg1", "Opg1\Opg1.csproj", "{FAB5A127-3FC5-46F3-8C6A-D156A6E4248A}"
EndProject
Global
	GlobalSection(SolutionConfigurationPlatforms) = preSolution
		Debug|Any CPU = Debug|Any CPU
		Release|Any CPU = Release|Any CPU
	EndGlobalSection
	GlobalSection(ProjectConfigurationPlatforms) = postSolution
		{FAB5A127-3FC5-46F3-8C6A-D156A6E4248A}.Debug|Any CPU.ActiveCfg = Debug|Any CPU
		{FAB5A127-3FC5-46F3-8C6A-D156A6E4248A}.Debug|Any CPU.Build.0 = Debug|Any CPU
		{FAB5A127-3FC5-46F3-8C6A-D156A6E4248A}.Release|Any CPU.ActiveCfg = Release|Any CPU
		{FAB5A127-3FC5-46F3-8C6A-D156A6E4248A}.Release|Any CPU.Build.0 = Release|Any CPU
	EndGlobalSection
	GlobalSection(SolutionProperties) = preSolution
		HideSolutionNode = FALSE
	EndGlobalSection
	GlobalSection(ExtensibilityGlobals) = postSolution
		SolutionGuid = {9C732169-07BC-49E5-BF6D-A40018AD7B9B}
	EndGlobalSection
EndGlobal
