
Microsoft Visual Studio Solution File, Format Version 12.00
# Visual Studio 15
VisualStudioVersion = 15.0.28307.271
MinimumVisualStudioVersion = 10.0.40219.1
Project("{FAE04EC0-301F-11D3-BF4B-00C04F79EFBC}") = "MethodOPG7", "MethodOPG7\MethodOPG7.csproj", "{37431B1C-1D7E-4502-9A33-4B3EA1B12AA3}"
EndProject
Global
	GlobalSection(SolutionConfigurationPlatforms) = preSolution
		Debug|Any CPU = Debug|Any CPU
		Release|Any CPU = Release|Any CPU
	EndGlobalSection
	GlobalSection(ProjectConfigurationPlatforms) = postSolution
		{37431B1C-1D7E-4502-9A33-4B3EA1B12AA3}.Debug|Any CPU.ActiveCfg = Debug|Any CPU
		{37431B1C-1D7E-4502-9A33-4B3EA1B12AA3}.Debug|Any CPU.Build.0 = Debug|Any CPU
		{37431B1C-1D7E-4502-9A33-4B3EA1B12AA3}.Release|Any CPU.ActiveCfg = Release|Any CPU
		{37431B1C-1D7E-4502-9A33-4B3EA1B12AA3}.Release|Any CPU.Build.0 = Release|Any CPU
	EndGlobalSection
	GlobalSection(SolutionProperties) = preSolution
		HideSolutionNode = FALSE
	EndGlobalSection
	GlobalSection(ExtensibilityGlobals) = postSolution
		SolutionGuid = {B72E9D97-CDE9-45FC-9D06-99C31AA9BD2A}
	EndGlobalSection
EndGlobal
