
Microsoft Visual Studio Solution File, Format Version 12.00
# Visual Studio 15
VisualStudioVersion = 15.0.28307.271
MinimumVisualStudioVersion = 10.0.40219.1
Project("{FAE04EC0-301F-11D3-BF4B-00C04F79EFBC}") = "MozartOPG", "MozartOPG\MozartOPG.csproj", "{F2835F29-C239-4A72-912A-65003FC9AE55}"
EndProject
Project("{2150E333-8FDC-42A3-9474-1A3956D46DE8}") = "Solution Items", "Solution Items", "{23F04802-4492-41BE-825C-BE8BCFBA706E}"
	ProjectSection(SolutionItems) = preProject
		Wave\M1.wav = Wave\M1.wav
		Wave\M10.wav = Wave\M10.wav
		Wave\M100.wav = Wave\M100.wav
		Wave\M101.wav = Wave\M101.wav
		Wave\M102.wav = Wave\M102.wav
		Wave\M103.wav = Wave\M103.wav
		Wave\M104.wav = Wave\M104.wav
		Wave\M105.wav = Wave\M105.wav
		Wave\M106.wav = Wave\M106.wav
		Wave\M107.wav = Wave\M107.wav
		Wave\M108.wav = Wave\M108.wav
		Wave\M109.wav = Wave\M109.wav
		Wave\M11.wav = Wave\M11.wav
		Wave\M110.wav = Wave\M110.wav
		Wave\M111.wav = Wave\M111.wav
		Wave\M112.wav = Wave\M112.wav
		Wave\M113.wav = Wave\M113.wav
		Wave\M114.wav = Wave\M114.wav
		Wave\M115.wav = Wave\M115.wav
		Wave\M116.wav = Wave\M116.wav
		Wave\M117.wav = Wave\M117.wav
		Wave\M118.wav = Wave\M118.wav
		Wave\M119.wav = Wave\M119.wav
		Wave\M12.wav = Wave\M12.wav
		Wave\M120.wav = Wave\M120.wav
		Wave\M121.wav = Wave\M121.wav
		Wave\M122.wav = Wave\M122.wav
		Wave\M123.wav = Wave\M123.wav
		Wave\M124.wav = Wave\M124.wav
		Wave\M125.wav = Wave\M125.wav
		Wave\M126.wav = Wave\M126.wav
		Wave\M127.wav = Wave\M127.wav
		Wave\M128.wav = Wave\M128.wav
		Wave\M129.wav = Wave\M129.wav
		Wave\M13.wav = Wave\M13.wav
		Wave\M130.wav = Wave\M130.wav
		Wave\M131.wav = Wave\M131.wav
		Wave\M132.wav = Wave\M132.wav
		Wave\M133.wav = Wave\M133.wav
		Wave\M134.wav = Wave\M134.wav
		Wave\M135.wav = Wave\M135.wav
		Wave\M136.wav = Wave\M136.wav
		Wave\M137.wav = Wave\M137.wav
		Wave\M138.wav = Wave\M138.wav
		Wave\M139.wav = Wave\M139.wav
		Wave\M14.wav = Wave\M14.wav
		Wave\M140.wav = Wave\M140.wav
		Wave\M141.wav = Wave\M141.wav
		Wave\M142.wav = Wave\M142.wav
		Wave\M143.wav = Wave\M143.wav
		Wave\M144.wav = Wave\M144.wav
		Wave\M145.wav = Wave\M145.wav
		Wave\M146.wav = Wave\M146.wav
		Wave\M147.wav = Wave\M147.wav
		Wave\M148.wav = Wave\M148.wav
		Wave\M149.wav = Wave\M149.wav
		Wave\M15.wav = Wave\M15.wav
		Wave\M150.wav = Wave\M150.wav
		Wave\M151.wav = Wave\M151.wav
		Wave\M152.wav = Wave\M152.wav
		Wave\M153.wav = Wave\M153.wav
		Wave\M154.wav = Wave\M154.wav
		Wave\M155.wav = Wave\M155.wav
		Wave\M156.wav = Wave\M156.wav
		Wave\M157.wav = Wave\M157.wav
		Wave\M158.wav = Wave\M158.wav
		Wave\M159.wav = Wave\M159.wav
		Wave\M16.wav = Wave\M16.wav
		Wave\M160.wav = Wave\M160.wav
		Wave\M161.wav = Wave\M161.wav
		Wave\M162.wav = Wave\M162.wav
		Wave\M163.wav = Wave\M163.wav
		Wave\M164.wav = Wave\M164.wav
		Wave\M165.wav = Wave\M165.wav
		Wave\M166.wav = Wave\M166.wav
		Wave\M167.wav = Wave\M167.wav
		Wave\M168.wav = Wave\M168.wav
		Wave\M169.wav = Wave\M169.wav
		Wave\M17.wav = Wave\M17.wav
		Wave\M170.wav = Wave\M170.wav
		Wave\M171.wav = Wave\M171.wav
		Wave\M172.wav = Wave\M172.wav
		Wave\M173.wav = Wave\M173.wav
		Wave\M174.wav = Wave\M174.wav
		Wave\M175.wav = Wave\M175.wav
		Wave\M176.wav = Wave\M176.wav
		Wave\M18.wav = Wave\M18.wav
		Wave\M19.wav = Wave\M19.wav
		Wave\M2.wav = Wave\M2.wav
		Wave\M20.wav = Wave\M20.wav
		Wave\M21.wav = Wave\M21.wav
		Wave\M22.wav = Wave\M22.wav
		Wave\M23.wav = Wave\M23.wav
		Wave\M24.wav = Wave\M24.wav
		Wave\M25.wav = Wave\M25.wav
		Wave\M26.wav = Wave\M26.wav
		Wave\M27.wav = Wave\M27.wav
		Wave\M28.wav = Wave\M28.wav
		Wave\M29.wav = Wave\M29.wav
		Wave\M3.wav = Wave\M3.wav
		Wave\M30.wav = Wave\M30.wav
		Wave\M31.wav = Wave\M31.wav
		Wave\M32.wav = Wave\M32.wav
		Wave\M33.wav = Wave\M33.wav
		Wave\M34.wav = Wave\M34.wav
		Wave\M35.wav = Wave\M35.wav
		Wave\M36.wav = Wave\M36.wav
		Wave\M37.wav = Wave\M37.wav
		Wave\M38.wav = Wave\M38.wav
		Wave\M39.wav = Wave\M39.wav
		Wave\M4.wav = Wave\M4.wav
		Wave\M40.wav = Wave\M40.wav
		Wave\M41.wav = Wave\M41.wav
		Wave\M42.wav = Wave\M42.wav
		Wave\M43.wav = Wave\M43.wav
		Wave\M44.wav = Wave\M44.wav
		Wave\M45.wav = Wave\M45.wav
		Wave\M46.wav = Wave\M46.wav
		Wave\M47.wav = Wave\M47.wav
		Wave\M48.wav = Wave\M48.wav
		Wave\M49.wav = Wave\M49.wav
		Wave\M5.wav = Wave\M5.wav
		Wave\M50.wav = Wave\M50.wav
		Wave\M51.wav = Wave\M51.wav
		Wave\M52.wav = Wave\M52.wav
		Wave\M53.wav = Wave\M53.wav
		Wave\M54.wav = Wave\M54.wav
		Wave\M55.wav = Wave\M55.wav
		Wave\M56.wav = Wave\M56.wav
		Wave\M57.wav = Wave\M57.wav
		Wave\M58.wav = Wave\M58.wav
		Wave\M59.wav = Wave\M59.wav
		Wave\M6.wav = Wave\M6.wav
		Wave\M60.wav = Wave\M60.wav
		Wave\M61.wav = Wave\M61.wav
		Wave\M62.wav = Wave\M62.wav
		Wave\M63.wav = Wave\M63.wav
		Wave\M64.wav = Wave\M64.wav
		Wave\M65.wav = Wave\M65.wav
		Wave\M66.wav = Wave\M66.wav
		Wave\M67.wav = Wave\M67.wav
		Wave\M68.wav = Wave\M68.wav
		Wave\M69.wav = Wave\M69.wav
		Wave\M7.wav = Wave\M7.wav
		Wave\M70.wav = Wave\M70.wav
		Wave\M71.wav = Wave\M71.wav
		Wave\M72.wav = Wave\M72.wav
		Wave\M73.wav = Wave\M73.wav
		Wave\M74.wav = Wave\M74.wav
		Wave\M75.wav = Wave\M75.wav
		Wave\M76.wav = Wave\M76.wav
		Wave\M77.wav = Wave\M77.wav
		Wave\M78.wav = Wave\M78.wav
		Wave\M79.wav = Wave\M79.wav
		Wave\M8.wav = Wave\M8.wav
		Wave\M80.wav = Wave\M80.wav
		Wave\M81.wav = Wave\M81.wav
		Wave\M82.wav = Wave\M82.wav
		Wave\M83.wav = Wave\M83.wav
		Wave\M84.wav = Wave\M84.wav
		Wave\M85.wav = Wave\M85.wav
		Wave\M86.wav = Wave\M86.wav
		Wave\M87.wav = Wave\M87.wav
		Wave\M88.wav = Wave\M88.wav
		Wave\M89.wav = Wave\M89.wav
		Wave\M9.wav = Wave\M9.wav
		Wave\M90.wav = Wave\M90.wav
		Wave\M91.wav = Wave\M91.wav
		Wave\M92.wav = Wave\M92.wav
		Wave\M93.wav = Wave\M93.wav
		Wave\M94.wav = Wave\M94.wav
		Wave\M95.wav = Wave\M95.wav
		Wave\M96.wav = Wave\M96.wav
		Wave\M97.wav = Wave\M97.wav
		Wave\M98.wav = Wave\M98.wav
		Wave\M99.wav = Wave\M99.wav
		Wave\T1.wav = Wave\T1.wav
		Wave\T10.wav = Wave\T10.wav
		Wave\T11.wav = Wave\T11.wav
		Wave\T12.wav = Wave\T12.wav
		Wave\T13.wav = Wave\T13.wav
		Wave\T14.wav = Wave\T14.wav
		Wave\T15.wav = Wave\T15.wav
		Wave\T16.wav = Wave\T16.wav
		Wave\T17.wav = Wave\T17.wav
		Wave\T18.wav = Wave\T18.wav
		Wave\T19.wav = Wave\T19.wav
		Wave\T2.wav = Wave\T2.wav
		Wave\T20.wav = Wave\T20.wav
		Wave\T21.wav = Wave\T21.wav
		Wave\T22.wav = Wave\T22.wav
		Wave\T23.wav = Wave\T23.wav
		Wave\T24.wav = Wave\T24.wav
		Wave\T25.wav = Wave\T25.wav
		Wave\T26.wav = Wave\T26.wav
		Wave\T27.wav = Wave\T27.wav
		Wave\T28.wav = Wave\T28.wav
		Wave\T29.wav = Wave\T29.wav
		Wave\T3.wav = Wave\T3.wav
		Wave\T30.wav = Wave\T30.wav
		Wave\T31.wav = Wave\T31.wav
		Wave\T32.wav = Wave\T32.wav
		Wave\T33.wav = Wave\T33.wav
		Wave\T34.wav = Wave\T34.wav
		Wave\T35.wav = Wave\T35.wav
		Wave\T36.wav = Wave\T36.wav
		Wave\T37.wav = Wave\T37.wav
		Wave\T38.wav = Wave\T38.wav
		Wave\T39.wav = Wave\T39.wav
		Wave\T4.wav = Wave\T4.wav
		Wave\T40.wav = Wave\T40.wav
		Wave\T41.wav = Wave\T41.wav
		Wave\T42.wav = Wave\T42.wav
		Wave\T43.wav = Wave\T43.wav
		Wave\T44.wav = Wave\T44.wav
		Wave\T45.wav = Wave\T45.wav
		Wave\T46.wav = Wave\T46.wav
		Wave\T47.wav = Wave\T47.wav
		Wave\T48.wav = Wave\T48.wav
		Wave\T49.wav = Wave\T49.wav
		Wave\T5.wav = Wave\T5.wav
		Wave\T50.wav = Wave\T50.wav
		Wave\T51.wav = Wave\T51.wav
		Wave\T52.wav = Wave\T52.wav
		Wave\T53.wav = Wave\T53.wav
		Wave\T54.wav = Wave\T54.wav
		Wave\T55.wav = Wave\T55.wav
		Wave\T56.wav = Wave\T56.wav
		Wave\T57.wav = Wave\T57.wav
		Wave\T58.wav = Wave\T58.wav
		Wave\T59.wav = Wave\T59.wav
		Wave\T6.wav = Wave\T6.wav
		Wave\T60.wav = Wave\T60.wav
		Wave\T61.wav = Wave\T61.wav
		Wave\T62.wav = Wave\T62.wav
		Wave\T63.wav = Wave\T63.wav
		Wave\T64.wav = Wave\T64.wav
		Wave\T65.wav = Wave\T65.wav
		Wave\T66.wav = Wave\T66.wav
		Wave\T67.wav = Wave\T67.wav
		Wave\T68.wav = Wave\T68.wav
		Wave\T69.wav = Wave\T69.wav
		Wave\T7.wav = Wave\T7.wav
		Wave\T70.wav = Wave\T70.wav
		Wave\T71.wav = Wave\T71.wav
		Wave\T72.wav = Wave\T72.wav
		Wave\T73.wav = Wave\T73.wav
		Wave\T74.wav = Wave\T74.wav
		Wave\T75.wav = Wave\T75.wav
		Wave\T76.wav = Wave\T76.wav
		Wave\T77.wav = Wave\T77.wav
		Wave\T78.wav = Wave\T78.wav
		Wave\T79.wav = Wave\T79.wav
		Wave\T8.wav = Wave\T8.wav
		Wave\T80.wav = Wave\T80.wav
		Wave\T81.wav = Wave\T81.wav
		Wave\T82.wav = Wave\T82.wav
		Wave\T83.wav = Wave\T83.wav
		Wave\T84.wav = Wave\T84.wav
		Wave\T85.wav = Wave\T85.wav
		Wave\T86.wav = Wave\T86.wav
		Wave\T87.wav = Wave\T87.wav
		Wave\T88.wav = Wave\T88.wav
		Wave\T89.wav = Wave\T89.wav
		Wave\T9.wav = Wave\T9.wav
		Wave\T90.wav = Wave\T90.wav
		Wave\T91.wav = Wave\T91.wav
		Wave\T92.wav = Wave\T92.wav
		Wave\T93.wav = Wave\T93.wav
		Wave\T94.wav = Wave\T94.wav
		Wave\T95.wav = Wave\T95.wav
		Wave\T96.wav = Wave\T96.wav
	EndProjectSection
EndProject
Global
	GlobalSection(SolutionConfigurationPlatforms) = preSolution
		Debug|Any CPU = Debug|Any CPU
		Release|Any CPU = Release|Any CPU
	EndGlobalSection
	GlobalSection(ProjectConfigurationPlatforms) = postSolution
		{F2835F29-C239-4A72-912A-65003FC9AE55}.Debug|Any CPU.ActiveCfg = Debug|Any CPU
		{F2835F29-C239-4A72-912A-65003FC9AE55}.Debug|Any CPU.Build.0 = Debug|Any CPU
		{F2835F29-C239-4A72-912A-65003FC9AE55}.Release|Any CPU.ActiveCfg = Release|Any CPU
		{F2835F29-C239-4A72-912A-65003FC9AE55}.Release|Any CPU.Build.0 = Release|Any CPU
	EndGlobalSection
	GlobalSection(SolutionProperties) = preSolution
		HideSolutionNode = FALSE
	EndGlobalSection
	GlobalSection(ExtensibilityGlobals) = postSolution
		SolutionGuid = {BFAF495A-8874-49EF-931E-D5B6D44FC3E0}
	EndGlobalSection
EndGlobal
