
Microsoft Visual Studio Solution File, Format Version 12.00
# Visual Studio 15
VisualStudioVersion = 15.0.28307.271
MinimumVisualStudioVersion = 10.0.40219.1
Project("{FAE04EC0-301F-11D3-BF4B-00C04F79EFBC}") = "AlderOPG", "AlderOPG\AlderOPG.csproj", "{8F351501-DAFB-42C2-B620-2201F39B6D26}"
EndProject
Global
	GlobalSection(SolutionConfigurationPlatforms) = preSolution
		Debug|Any CPU = Debug|Any CPU
		Release|Any CPU = Release|Any CPU
	EndGlobalSection
	GlobalSection(ProjectConfigurationPlatforms) = postSolution
		{8F351501-DAFB-42C2-B620-2201F39B6D26}.Debug|Any CPU.ActiveCfg = Debug|Any CPU
		{8F351501-DAFB-42C2-B620-2201F39B6D26}.Debug|Any CPU.Build.0 = Debug|Any CPU
		{8F351501-DAFB-42C2-B620-2201F39B6D26}.Release|Any CPU.ActiveCfg = Release|Any CPU
		{8F351501-DAFB-42C2-B620-2201F39B6D26}.Release|Any CPU.Build.0 = Release|Any CPU
	EndGlobalSection
	GlobalSection(SolutionProperties) = preSolution
		HideSolutionNode = FALSE
	EndGlobalSection
	GlobalSection(ExtensibilityGlobals) = postSolution
		SolutionGuid = {FCB2CBCE-AA3E-48B9-BA53-FE189E33E607}
	EndGlobalSection
EndGlobal
