
Microsoft Visual Studio Solution File, Format Version 12.00
# Visual Studio 15
VisualStudioVersion = 15.0.28307.271
MinimumVisualStudioVersion = 10.0.40219.1
Project("{FAE04EC0-301F-11D3-BF4B-00C04F79EFBC}") = "MethodOPG1.2", "MethodOPG1.2\MethodOPG1.2.csproj", "{9BD16C9A-6BB2-4218-9FE3-009F28BCFCF0}"
EndProject
Global
	GlobalSection(SolutionConfigurationPlatforms) = preSolution
		Debug|Any CPU = Debug|Any CPU
		Release|Any CPU = Release|Any CPU
	EndGlobalSection
	GlobalSection(ProjectConfigurationPlatforms) = postSolution
		{9BD16C9A-6BB2-4218-9FE3-009F28BCFCF0}.Debug|Any CPU.ActiveCfg = Debug|Any CPU
		{9BD16C9A-6BB2-4218-9FE3-009F28BCFCF0}.Debug|Any CPU.Build.0 = Debug|Any CPU
		{9BD16C9A-6BB2-4218-9FE3-009F28BCFCF0}.Release|Any CPU.ActiveCfg = Release|Any CPU
		{9BD16C9A-6BB2-4218-9FE3-009F28BCFCF0}.Release|Any CPU.Build.0 = Release|Any CPU
	EndGlobalSection
	GlobalSection(SolutionProperties) = preSolution
		HideSolutionNode = FALSE
	EndGlobalSection
	GlobalSection(ExtensibilityGlobals) = postSolution
		SolutionGuid = {C48A900C-D0F8-4AA2-BA7F-EB21C69E49F1}
	EndGlobalSection
EndGlobal
