
Microsoft Visual Studio Solution File, Format Version 12.00
# Visual Studio 15
VisualStudioVersion = 15.0.28307.271
MinimumVisualStudioVersion = 10.0.40219.1
Project("{FAE04EC0-301F-11D3-BF4B-00C04F79EFBC}") = "ArrayOPG2.2", "ArrayOPG2.2\ArrayOPG2.2.csproj", "{D201C9ED-F15D-4623-B110-EC423C306717}"
EndProject
Global
	GlobalSection(SolutionConfigurationPlatforms) = preSolution
		Debug|Any CPU = Debug|Any CPU
		Release|Any CPU = Release|Any CPU
	EndGlobalSection
	GlobalSection(ProjectConfigurationPlatforms) = postSolution
		{D201C9ED-F15D-4623-B110-EC423C306717}.Debug|Any CPU.ActiveCfg = Debug|Any CPU
		{D201C9ED-F15D-4623-B110-EC423C306717}.Debug|Any CPU.Build.0 = Debug|Any CPU
		{D201C9ED-F15D-4623-B110-EC423C306717}.Release|Any CPU.ActiveCfg = Release|Any CPU
		{D201C9ED-F15D-4623-B110-EC423C306717}.Release|Any CPU.Build.0 = Release|Any CPU
	EndGlobalSection
	GlobalSection(SolutionProperties) = preSolution
		HideSolutionNode = FALSE
	EndGlobalSection
	GlobalSection(ExtensibilityGlobals) = postSolution
		SolutionGuid = {DA52DC80-F91D-4DE9-ADB5-FC16FFEAF1D2}
	EndGlobalSection
EndGlobal
